// !$*UTF8*$!
{
	archiveVersion = 1;
	classes = {
	};
	objectVersion = 55;
	objects = {

/* Begin PBXBuildFile section */
		496F381727A228A60060A309 /* AppDelegate.swift in Sources */ = {isa = PBXBuildFile; fileRef = 496F381627A228A60060A309 /* AppDelegate.swift */; };
		496F381927A228A60060A309 /* SceneDelegate.swift in Sources */ = {isa = PBXBuildFile; fileRef = 496F381827A228A60060A309 /* SceneDelegate.swift */; };
		496F381B27A228A60060A309 /* ViewController.swift in Sources */ = {isa = PBXBuildFile; fileRef = 496F381A27A228A60060A309 /* ViewController.swift */; };
		496F381E27A228A60060A309 /* Main.storyboard in Resources */ = {isa = PBXBuildFile; fileRef = 496F381C27A228A60060A309 /* Main.storyboard */; };
		496F382027A228A80060A309 /* Assets.xcassets in Resources */ = {isa = PBXBuildFile; fileRef = 496F381F27A228A80060A309 /* Assets.xcassets */; };
		496F382327A228A80060A309 /* LaunchScreen.storyboard in Resources */ = {isa = PBXBuildFile; fileRef = 496F382127A228A80060A309 /* LaunchScreen.storyboard */; };
		496F382E27A228A80060A309 /* preworkTests.swift in Sources */ = {isa = PBXBuildFile; fileRef = 496F382D27A228A80060A309 /* preworkTests.swift */; };
		496F383827A228A80060A309 /* preworkUITests.swift in Sources */ = {isa = PBXBuildFile; fileRef = 496F383727A228A80060A309 /* preworkUITests.swift */; };
		496F383A27A228A80060A309 /* preworkUITestsLaunchTests.swift in Sources */ = {isa = PBXBuildFile; fileRef = 496F383927A228A80060A309 /* preworkUITestsLaunchTests.swift */; };
/* End PBXBuildFile section */

/* Begin PBXContainerItemProxy section */
		496F382A27A228A80060A309 /* PBXContainerItemProxy */ = {
			isa = PBXContainerItemProxy;
			containerPortal = 496F380B27A228A60060A309 /* Project object */;
			proxyType = 1;
			remoteGlobalIDString = 496F381227A228A60060A309;
			remoteInfo = prework;
		};
		496F383427A228A80060A309 /* PBXContainerItemProxy */ = {
			isa = PBXContainerItemProxy;
			containerPortal = 496F380B27A228A60060A309 /* Project object */;
			proxyType = 1;
			remoteGlobalIDString = 496F381227A228A60060A309;
			remoteInfo = prework;
		};
/* End PBXContainerItemProxy section */

/* Begin PBXFileReference section */
		496F381327A228A60060A309 /* prework.app */ = {isa = PBXFileReference; explicitFileType = wrapper.application; includeInIndex = 0; path = prework.app; sourceTree = BUILT_PRODUCTS_DIR; };
		496F381627A228A60060A309 /* AppDelegate.swift */ = {isa = PBXFileReference; lastKnownFileType = sourcecode.swift; path = AppDelegate.swift; sourceTree = "<group>"; };
		496F381827A228A60060A309 /* SceneDelegate.swift */ = {isa = PBXFileReference; lastKnownFileType = sourcecode.swift; path = SceneDelegate.swift; sourceTree = "<group>"; };
		496F381A27A228A60060A309 /* ViewController.swift */ = {isa = PBXFileReference; lastKnownFileType = sourcecode.swift; path = ViewController.swift; sourceTree = "<group>"; };
		496F381D27A228A60060A309 /* Base */ = {isa = PBXFileReference; lastKnownFileType = file.storyboard; name = Base; path = Base.lproj/Main.storyboard; sourceTree = "<group>"; };
		496F381F27A228A80060A309 /* Assets.xcassets */ = {isa = PBXFileReference; lastKnownFileType = folder.assetcatalog; path = Assets.xcassets; sourceTree = "<group>"; };
		496F382227A228A80060A309 /* Base */ = {isa = PBXFileReference; lastKnownFileType = file.storyboard; name = Base; path = Base.lproj/LaunchScreen.storyboard; sourceTree = "<group>"; };
		496F382427A228A80060A309 /* Info.plist */ = {isa = PBXFileReference; lastKnownFileType = text.plist.xml; path = Info.plist; sourceTree = "<group>"; };
		496F382927A228A80060A309 /* preworkTests.xctest */ = {isa = PBXFileReference; explicitFileType = wrapper.cfbundle; includeInIndex = 0; path = preworkTests.xctest; sourceTree = BUILT_PRODUCTS_DIR; };
		496F382D27A228A80060A309 /* preworkTests.swift */ = {isa = PBXFileReference; lastKnownFileType = sourcecode.swift; path = preworkTests.swift; sourceTree = "<group>"; };
		496F383327A228A80060A309 /* preworkUITests.xctest */ = {isa = PBXFileReference; explicitFileType = wrapper.cfbundle; includeInIndex = 0; path = preworkUITests.xctest; sourceTree = BUILT_PRODUCTS_DIR; };
		496F383727A228A80060A309 /* preworkUITests.swift */ = {isa = PBXFileReference; lastKnownFileType = sourcecode.swift; path = preworkUITests.swift; sourceTree = "<group>"; };
		496F383927A228A80060A309 /* preworkUITestsLaunchTests.swift */ = {isa = PBXFileReference; lastKnownFileType = sourcecode.swift; path = preworkUITestsLaunchTests.swift; sourceTree = "<group>"; };
/* End PBXFileReference section */

/* Begin PBXFrameworksBuildPhase section */
		496F381027A228A60060A309 /* Frameworks */ = {
			isa = PBXFrameworksBuildPhase;
			buildActionMask = 2147483647;
			files = (
			);
			runOnlyForDeploymentPostprocessing = 0;
		};
		496F382627A228A80060A309 /* Frameworks */ = {
			isa = PBXFrameworksBuildPhase;
			buildActionMask = 2147483647;
			files = (
			);
			runOnlyForDeploymentPostprocessing = 0;
		};
		496F383027A228A80060A309 /* Frameworks */ = {
			isa = PBXFrameworksBuildPhase;
			buildActionMask = 2147483647;
			files = (
			);
			runOnlyForDeploymentPostprocessing = 0;
		};
/* End PBXFrameworksBuildPhase section */

/* Begin PBXGroup section */
		496F380A27A228A60060A309 = {
			isa = PBXGroup;
			children = (
				496F381527A228A60060A309 /* prework */,
				496F382C27A228A80060A309 /* preworkTests */,
				496F383627A228A80060A309 /* preworkUITests */,
				496F381427A228A60060A309 /* Products */,
			);
			sourceTree = "<group>";
		};
		496F381427A228A60060A309 /* Products */ = {
			isa = PBXGroup;
			children = (
				496F381327A228A60060A309 /* prework.app */,
				496F382927A228A80060A309 /* preworkTests.xctest */,
				496F383327A228A80060A309 /* preworkUITests.xctest */,
			);
			name = Products;
			sourceTree = "<group>";
		};
		496F381527A228A60060A309 /* prework */ = {
			isa = PBXGroup;
			children = (
				496F381627A228A60060A309 /* AppDelegate.swift */,
				496F381827A228A60060A309 /* SceneDelegate.swift */,
				496F381A27A228A60060A309 /* ViewController.swift */,
				496F381C27A228A60060A309 /* Main.storyboard */,
				496F381F27A228A80060A309 /* Assets.xcassets */,
				496F382127A228A80060A309 /* LaunchScreen.storyboard */,
				496F382427A228A80060A309 /* Info.plist */,
			);
			path = prework;
			sourceTree = "<group>";
		};
		496F382C27A228A80060A309 /* preworkTests */ = {
			isa = PBXGroup;
			children = (
				496F382D27A228A80060A309 /* preworkTests.swift */,
			);
			path = preworkTests;
			sourceTree = "<group>";
		};
		496F383627A228A80060A309 /* preworkUITests */ = {
			isa = PBXGroup;
			children = (
				496F383727A228A80060A309 /* preworkUITests.swift */,
				496F383927A228A80060A309 /* preworkUITestsLaunchTests.swift */,
			);
			path = preworkUITests;
			sourceTree = "<group>";
		};
/* End PBXGroup section */

/* Begin PBXNativeTarget section */
		496F381227A228A60060A309 /* prework */ = {
			isa = PBXNativeTarget;
			buildConfigurationList = 496F383D27A228A80060A309 /* Build configuration list for PBXNativeTarget "prework" */;
			buildPhases = (
				496F380F27A228A60060A309 /* Sources */,
				496F381027A228A60060A309 /* Frameworks */,
				496F381127A228A60060A309 /* Resources */,
			);
			buildRules = (
			);
			dependencies = (
			);
			name = prework;
			productName = prework;
			productReference = 496F381327A228A60060A309 /* prework.app */;
			productType = "com.apple.product-type.application";
		};
		496F382827A228A80060A309 /* preworkTests */ = {
			isa = PBXNativeTarget;
			buildConfigurationList = 496F384027A228A80060A309 /* Build configuration list for PBXNativeTarget "preworkTests" */;
			buildPhases = (
				496F382527A228A80060A309 /* Sources */,
				496F382627A228A80060A309 /* Frameworks */,
				496F382727A228A80060A309 /* Resources */,
			);
			buildRules = (
			);
			dependencies = (
				496F382B27A228A80060A309 /* PBXTargetDependency */,
			);
			name = preworkTests;
			productName = preworkTests;
			productReference = 496F382927A228A80060A309 /* preworkTests.xctest */;
			productType = "com.apple.product-type.bundle.unit-test";
		};
		496F383227A228A80060A309 /* preworkUITests */ = {
			isa = PBXNativeTarget;
			buildConfigurationList = 496F384327A228A80060A309 /* Build configuration list for PBXNativeTarget "preworkUITests" */;
			buildPhases = (
				496F382F27A228A80060A309 /* Sources */,
				496F383027A228A80060A309 /* Frameworks */,
				496F383127A228A80060A309 /* Resources */,
			);
			buildRules = (
			);
			dependencies = (
				496F383527A228A80060A309 /* PBXTargetDependency */,
			);
			name = preworkUITests;
			productName = preworkUITests;
			productReference = 496F383327A228A80060A309 /* preworkUITests.xctest */;
			productType = "com.apple.product-type.bundle.ui-testing";
		};
/* End PBXNativeTarget section */

/* Begin PBXProject section */
		496F380B27A228A60060A309 /* Project object */ = {
			isa = PBXProject;
			attributes = {
				BuildIndependentTargetsInParallel = 1;
				KnownAssetTags = (
					jjj,
				);
				LastSwiftUpdateCheck = 1320;
				LastUpgradeCheck = 1320;
				TargetAttributes = {
					496F381227A228A60060A309 = {
						CreatedOnToolsVersion = 13.2.1;
					};
					496F382827A228A80060A309 = {
						CreatedOnToolsVersion = 13.2.1;
						TestTargetID = 496F381227A228A60060A309;
					};
					496F383227A228A80060A309 = {
						CreatedOnToolsVersion = 13.2.1;
						TestTargetID = 496F381227A228A60060A309;
					};
				};
			};
			buildConfigurationList = 496F380E27A228A60060A309 /* Build configuration list for PBXProject "prework" */;
			compatibilityVersion = "Xcode 13.0";
			developmentRegion = en;
			hasScannedForEncodings = 0;
			knownRegions = (
				en,
				Base,
			);
			mainGroup = 496F380A27A228A60060A309;
			productRefGroup = 496F381427A228A60060A309 /* Products */;
			projectDirPath = "";
			projectRoot = "";
			targets = (
				496F381227A228A60060A309 /* prework */,
				496F382827A228A80060A309 /* preworkTests */,
				496F383227A228A80060A309 /* preworkUITests */,
			);
		};
/* End PBXProject section */

/* Begin PBXResourcesBuildPhase section */
		496F381127A228A60060A309 /* Resources */ = {
			isa = PBXResourcesBuildPhase;
			buildActionMask = 2147483647;
			files = (
				496F382327A228A80060A309 /* LaunchScreen.storyboard in Resources */,
				496F382027A228A80060A309 /* Assets.xcassets in Resources */,
				496F381E27A228A60060A309 /* Main.storyboard in Resources */,
			);
			runOnlyForDeploymentPostprocessing = 0;
		};
		496F382727A228A80060A309 /* Resources */ = {
			isa = PBXResourcesBuildPhase;
			buildActionMask = 2147483647;
			files = (
			);
			runOnlyForDeploymentPostprocessing = 0;
		};
		496F383127A228A80060A309 /* Resources */ = {
			isa = PBXResourcesBuildPhase;
			buildActionMask = 2147483647;
			files = (
			);
			runOnlyForDeploymentPostprocessing = 0;
		};
/* End PBXResourcesBuildPhase section */

/* Begin PBXSourcesBuildPhase section */
		496F380F27A228A60060A309 /* Sources */ = {
			isa = PBXSourcesBuildPhase;
			buildActionMask = 2147483647;
			files = (
				496F381B27A228A60060A309 /* ViewController.swift in Sources */,
				496F381727A228A60060A309 /* AppDelegate.swift in Sources */,
				496F381927A228A60060A309 /* SceneDelegate.swift in Sources */,
			);
			runOnlyForDeploymentPostprocessing = 0;
		};
		496F382527A228A80060A309 /* Sources */ = {
			isa = PBXSourcesBuildPhase;
			buildActionMask = 2147483647;
			files = (
				496F382E27A228A80060A309 /* preworkTests.swift in Sources */,
			);
			runOnlyForDeploymentPostprocessing = 0;
		};
		496F382F27A228A80060A309 /* Sources */ = {
			isa = PBXSourcesBuildPhase;
			buildActionMask = 2147483647;
			files = (
				496F383827A228A80060A309 /* preworkUITests.swift in Sources */,
				496F383A27A228A80060A309 /* preworkUITestsLaunchTests.swift in Sources */,
			);
			runOnlyForDeploymentPostprocessing = 0;
		};
/* End PBXSourcesBuildPhase section */

/* Begin PBXTargetDependency section */
		496F382B27A228A80060A309 /* PBXTargetDependency */ = {
			isa = PBXTargetDependency;
			target = 496F381227A228A60060A309 /* prework */;
			targetProxy = 496F382A27A228A80060A309 /* PBXContainerItemProxy */;
		};
		496F383527A228A80060A309 /* PBXTargetDependency */ = {
			isa = PBXTargetDependency;
			target = 496F381227A228A60060A309 /* prework */;
			targetProxy = 496F383427A228A80060A309 /* PBXContainerItemProxy */;
		};
/* End PBXTargetDependency section */

/* Begin PBXVariantGroup section */
		496F381C27A228A60060A309 /* Main.storyboard */ = {
			isa = PBXVariantGroup;
			children = (
				496F381D27A228A60060A309 /* Base */,
			);
			name = Main.storyboard;
			sourceTree = "<group>";
		};
		496F382127A228A80060A309 /* LaunchScreen.storyboard */ = {
			isa = PBXVariantGroup;
			children = (
				496F382227A228A80060A309 /* Base */,
			);
			name = LaunchScreen.storyboard;
			sourceTree = "<group>";
		};
/* End PBXVariantGroup section */

/* Begin XCBuildConfiguration section */
		496F383B27A228A80060A309 /* Debug */ = {
			isa = XCBuildConfiguration;
			buildSettings = {
				ALWAYS_SEARCH_USER_PATHS = NO;
				CLANG_ANALYZER_NONNULL = YES;
				CLANG_ANALYZER_NUMBER_OBJECT_CONVERSION = YES_AGGRESSIVE;
				CLANG_CXX_LANGUAGE_STANDARD = "gnu++17";
				CLANG_CXX_LIBRARY = "libc++";
				CLANG_ENABLE_MODULES = YES;
				CLANG_ENABLE_OBJC_ARC = YES;
				CLANG_ENABLE_OBJC_WEAK = YES;
				CLANG_WARN_BLOCK_CAPTURE_AUTORELEASING = YES;
				CLANG_WARN_BOOL_CONVERSION = YES;
				CLANG_WARN_COMMA = YES;
				CLANG_WARN_CONSTANT_CONVERSION = YES;
				CLANG_WARN_DEPRECATED_OBJC_IMPLEMENTATIONS = YES;
				CLANG_WARN_DIRECT_OBJC_ISA_USAGE = YES_ERROR;
				CLANG_WARN_DOCUMENTATION_COMMENTS = YES;
				CLANG_WARN_EMPTY_BODY = YES;
				CLANG_WARN_ENUM_CONVERSION = YES;
				CLANG_WARN_INFINITE_RECURSION = YES;
				CLANG_WARN_INT_CONVERSION = YES;
				CLANG_WARN_NON_LITERAL_NULL_CONVERSION = YES;
				CLANG_WARN_OBJC_IMPLICIT_RETAIN_SELF = YES;
				CLANG_WARN_OBJC_LITERAL_CONVERSION = YES;
				CLANG_WARN_OBJC_ROOT_CLASS = YES_ERROR;
				CLANG_WARN_QUOTED_INCLUDE_IN_FRAMEWORK_HEADER = YES;
				CLANG_WARN_RANGE_LOOP_ANALYSIS = YES;
				CLANG_WARN_STRICT_PROTOTYPES = YES;
				CLANG_WARN_SUSPICIOUS_MOVE = YES;
				CLANG_WARN_UNGUARDED_AVAILABILITY = YES_AGGRESSIVE;
				CLANG_WARN_UNREACHABLE_CODE = YES;
				CLANG_WARN__DUPLICATE_METHOD_MATCH = YES;
				COPY_PHASE_STRIP = NO;
				DEBUG_INFORMATION_FORMAT = dwarf;
				ENABLE_STRICT_OBJC_MSGSEND = YES;
				ENABLE_TESTABILITY = YES;
				GCC_C_LANGUAGE_STANDARD = gnu11;
				GCC_DYNAMIC_NO_PIC = NO;
				GCC_NO_COMMON_BLOCKS = YES;
				GCC_OPTIMIZATION_LEVEL = 0;
				GCC_PREPROCESSOR_DEFINITIONS = (
					"DEBUG=1",
					"$(inherited)",
				);
				GCC_WARN_64_TO_32_BIT_CONVERSION = YES;
				GCC_WARN_ABOUT_RETURN_TYPE = YES_ERROR;
				GCC_WARN_UNDECLARED_SELECTOR = YES;
				GCC_WARN_UNINITIALIZED_AUTOS = YES_AGGRESSIVE;
				GCC_WARN_UNUSED_FUNCTION = YES;
				GCC_WARN_UNUSED_VARIABLE = YES;
				IPHONEOS_DEPLOYMENT_TARGET = 15.2;
				MTL_ENABLE_DEBUG_INFO = INCLUDE_SOURCE;
				MTL_FAST_MATH = YES;
				ONLY_ACTIVE_ARCH = YES;
				SDKROOT = iphoneos;
				SWIFT_ACTIVE_COMPILATION_CONDITIONS = DEBUG;
				SWIFT_OPTIMIZATION_LEVEL = "-Onone";
			};
			name = Debug;
		};
		496F383C27A228A80060A309 /* Release */ = {
			isa = XCBuildConfiguration;
			buildSettings = {
				ALWAYS_SEARCH_USER_PATHS = NO;
				CLANG_ANALYZER_NONNULL = YES;
				CLANG_ANALYZER_NUMBER_OBJECT_CONVERSION = YES_AGGRESSIVE;
				CLANG_CXX_LANGUAGE_STANDARD = "gnu++17";
				CLANG_CXX_LIBRARY = "libc++";
				CLANG_ENABLE_MODULES = YES;
				CLANG_ENABLE_OBJC_ARC = YES;
				CLANG_ENABLE_OBJC_WEAK = YES;
				CLANG_WARN_BLOCK_CAPTURE_AUTORELEASING = YES;
				CLANG_WARN_BOOL_CONVERSION = YES;
				CLANG_WARN_COMMA = YES;
				CLANG_WARN_CONSTANT_CONVERSION = YES;
				CLANG_WARN_DEPRECATED_OBJC_IMPLEMENTATIONS = YES;
				CLANG_WARN_DIRECT_OBJC_ISA_USAGE = YES_ERROR;
				CLANG_WARN_DOCUMENTATION_COMMENTS = YES;
				CLANG_WARN_EMPTY_BODY = YES;
				CLANG_WARN_ENUM_CONVERSION = YES;
				CLANG_WARN_INFINITE_RECURSION = YES;
				CLANG_WARN_INT_CONVERSION = YES;
				CLANG_WARN_NON_LITERAL_NULL_CONVERSION = YES;
				CLANG_WARN_OBJC_IMPLICIT_RETAIN_SELF = YES;
				CLANG_WARN_OBJC_LITERAL_CONVERSION = YES;
				CLANG_WARN_OBJC_ROOT_CLASS = YES_ERROR;
				CLANG_WARN_QUOTED_INCLUDE_IN_FRAMEWORK_HEADER = YES;
				CLANG_WARN_RANGE_LOOP_ANALYSIS = YES;
				CLANG_WARN_STRICT_PROTOTYPES = YES;
				CLANG_WARN_SUSPICIOUS_MOVE = YES;
				CLANG_WARN_UNGUARDED_AVAILABILITY = YES_AGGRESSIVE;
				CLANG_WARN_UNREACHABLE_CODE = YES;
				CLANG_WARN__DUPLICATE_METHOD_MATCH = YES;
				COPY_PHASE_STRIP = NO;
				DEBUG_INFORMATION_FORMAT = "dwarf-with-dsym";
				ENABLE_NS_ASSERTIONS = NO;
				ENABLE_STRICT_OBJC_MSGSEND = YES;
				GCC_C_LANGUAGE_STANDARD = gnu11;
				GCC_NO_COMMON_BLOCKS = YES;
				GCC_WARN_64_TO_32_BIT_CONVERSION = YES;
				GCC_WARN_ABOUT_RETURN_TYPE = YES_ERROR;
				GCC_WARN_UNDECLARED_SELECTOR = YES;
				GCC_WARN_UNINITIALIZED_AUTOS = YES_AGGRESSIVE;
				GCC_WARN_UNUSED_FUNCTION = YES;
				GCC_WARN_UNUSED_VARIABLE = YES;
				IPHONEOS_DEPLOYMENT_TARGET = 15.2;
				MTL_ENABLE_DEBUG_INFO = NO;
				MTL_FAST_MATH = YES;
				SDKROOT = iphoneos;
				SWIFT_COMPILATION_MODE = wholemodule;
				SWIFT_OPTIMIZATION_LEVEL = "-O";
				VALIDATE_PRODUCT = YES;
			};
			name = Release;
		};
		496F383E27A228A80060A309 /* Debug */ = {
			isa = XCBuildConfiguration;
			buildSettings = {
				ASSETCATALOG_COMPILER_APPICON_NAME = AppIcon;
				ASSETCATALOG_COMPILER_GLOBAL_ACCENT_COLOR_NAME = AccentColor;
				CODE_SIGN_STYLE = Automatic;
				CURRENT_PROJECT_VERSION = 1;
				DEVELOPMENT_TEAM = CA32MLSBLA;
				GENERATE_INFOPLIST_FILE = YES;
				INFOPLIST_FILE = prework/Info.plist;
				INFOPLIST_KEY_UIApplicationSupportsIndirectInputEvents = YES;
				INFOPLIST_KEY_UILaunchStoryboardName = LaunchScreen;
				INFOPLIST_KEY_UIMainStoryboardFile = Main;
				INFOPLIST_KEY_UISupportedInterfaceOrientations_iPad = "UIInterfaceOrientationPortrait UIInterfaceOrientationPortraitUpsideDown UIInterfaceOrientationLandscapeLeft UIInterfaceOrientationLandscapeRight";
				INFOPLIST_KEY_UISupportedInterfaceOrientations_iPhone = "UIInterfaceOrientationPortrait UIInterfaceOrientationLandscapeLeft UIInterfaceOrientationLandscapeRight";
				LD_RUNPATH_SEARCH_PATHS = (
					"$(inherited)",
					"@executable_path/Frameworks",
				);
				MARKETING_VERSION = 1.0;
				PRODUCT_BUNDLE_IDENTIFIER = jc0401.com;
				PRODUCT_NAME = "$(TARGET_NAME)";
				SWIFT_EMIT_LOC_STRINGS = YES;
				SWIFT_VERSION = 5.0;
				TARGETED_DEVICE_FAMILY = "1,2";
			};
			name = Debug;
		};
		496F383F27A228A80060A309 /* Release */ = {
			isa = XCBuildConfiguration;
			buildSettings = {
				ASSETCATALOG_COMPILER_APPICON_NAME = AppIcon;
				ASSETCATALOG_COMPILER_GLOBAL_ACCENT_COLOR_NAME = AccentColor;
				CODE_SIGN_STYLE = Automatic;
				CURRENT_PROJECT_VERSION = 1;
				DEVELOPMENT_TEAM = CA32MLSBLA;
				GENERATE_INFOPLIST_FILE = YES;
				INFOPLIST_FILE = prework/Info.plist;
				INFOPLIST_KEY_UIApplicationSupportsIndirectInputEvents = YES;
				INFOPLIST_KEY_UILaunchStoryboardName = LaunchScreen;
				INFOPLIST_KEY_UIMainStoryboardFile = Main;
				INFOPLIST_KEY_UISupportedInterfaceOrientations_iPad = "UIInterfaceOrientationPortrait UIInterfaceOrientationPortraitUpsideDown UIInterfaceOrientationLandscapeLeft UIInterfaceOrientationLandscapeRight";
				INFOPLIST_KEY_UISupportedInterfaceOrientations_iPhone = "UIInterfaceOrientationPortrait UIInterfaceOrientationLandscapeLeft UIInterfaceOrientationLandscapeRight";
				LD_RUNPATH_SEARCH_PATHS = (
					"$(inherited)",
					"@executable_path/Frameworks",
				);
				MARKETING_VERSION = 1.0;
				PRODUCT_BUNDLE_IDENTIFIER = jc0401.com;
				PRODUCT_NAME = "$(TARGET_NAME)";
				SWIFT_EMIT_LOC_STRINGS = YES;
				SWIFT_VERSION = 5.0;
				TARGETED_DEVICE_FAMILY = "1,2";
			};
			name = Release;
		};
		496F384127A228A80060A309 /* Debug */ = {
			isa = XCBuildConfiguration;
			buildSettings = {
				ALWAYS_EMBED_SWIFT_STANDARD_LIBRARIES = YES;
				BUNDLE_LOADER = "$(TEST_HOST)";
				CODE_SIGN_STYLE = Automatic;
				CURRENT_PROJECT_VERSION = 1;
				GENERATE_INFOPLIST_FILE = YES;
				IPHONEOS_DEPLOYMENT_TARGET = 15.2;
				MARKETING_VERSION = 1.0;
				PRODUCT_BUNDLE_IDENTIFIER = memo.com.preworkTests;
				PRODUCT_NAME = "$(TARGET_NAME)";
				SWIFT_EMIT_LOC_STRINGS = NO;
				SWIFT_VERSION = 5.0;
				TARGETED_DEVICE_FAMILY = "1,2";
				TEST_HOST = "$(BUILT_PRODUCTS_DIR)/prework.app/prework";
			};
			name = Debug;
		};
		496F384227A228A80060A309 /* Release */ = {
			isa = XCBuildConfiguration;
			buildSettings = {
				ALWAYS_EMBED_SWIFT_STANDARD_LIBRARIES = YES;
				BUNDLE_LOADER = "$(TEST_HOST)";
				CODE_SIGN_STYLE = Automatic;
				CURRENT_PROJECT_VERSION = 1;
				GENERATE_INFOPLIST_FILE = YES;
				IPHONEOS_DEPLOYMENT_TARGET = 15.2;
				MARKETING_VERSION = 1.0;
				PRODUCT_BUNDLE_IDENTIFIER = memo.com.preworkTests;
				PRODUCT_NAME = "$(TARGET_NAME)";
				SWIFT_EMIT_LOC_STRINGS = NO;
				SWIFT_VERSION = 5.0;
				TARGETED_DEVICE_FAMILY = "1,2";
				TEST_HOST = "$(BUILT_PRODUCTS_DIR)/prework.app/prework";
			};
			name = Release;
		};
		496F384427A228A80060A309 /* Debug */ = {
			isa = XCBuildConfiguration;
			buildSettings = {
				ALWAYS_EMBED_SWIFT_STANDARD_LIBRARIES = YES;
				CODE_SIGN_STYLE = Automatic;
				CURRENT_PROJECT_VERSION = 1;
				GENERATE_INFOPLIST_FILE = YES;
				MARKETING_VERSION = 1.0;
				PRODUCT_BUNDLE_IDENTIFIER = memo.com.preworkUITests;
				PRODUCT_NAME = "$(TARGET_NAME)";
				SWIFT_EMIT_LOC_STRINGS = NO;
				SWIFT_VERSION = 5.0;
				TARGETED_DEVICE_FAMILY = "1,2";
				TEST_TARGET_NAME = prework;
			};
			name = Debug;
		};
		496F384527A228A80060A309 /* Release */ = {
			isa = XCBuildConfiguration;
			buildSettings = {
				ALWAYS_EMBED_SWIFT_STANDARD_LIBRARIES = YES;
				CODE_SIGN_STYLE = Automatic;
				CURRENT_PROJECT_VERSION = 1;
				GENERATE_INFOPLIST_FILE = YES;
				MARKETING_VERSION = 1.0;
				PRODUCT_BUNDLE_IDENTIFIER = memo.com.preworkUITests;
				PRODUCT_NAME = "$(TARGET_NAME)";
				SWIFT_EMIT_LOC_STRINGS = NO;
				SWIFT_VERSION = 5.0;
				TARGETED_DEVICE_FAMILY = "1,2";
				TEST_TARGET_NAME = prework;
			};
			name = Release;
		};
/* End XCBuildConfiguration section */

/* Begin XCConfigurationList section */
		496F380E27A228A60060A309 /* Build configuration list for PBXProject "prework" */ = {
			isa = XCConfigurationList;
			buildConfigurations = (
				496F383B27A228A80060A309 /* Debug */,
				496F383C27A228A80060A309 /* Release */,
			);
			defaultConfigurationIsVisible = 0;
			defaultConfigurationName = Release;
		};
		496F383D27A228A80060A309 /* Build configuration list for PBXNativeTarget "prework" */ = {
			isa = XCConfigurationList;
			buildConfigurations = (
				496F383E27A228A80060A309 /* Debug */,
				496F383F27A228A80060A309 /* Release */,
			);
			defaultConfigurationIsVisible = 0;
			defaultConfigurationName = Release;
		};
		496F384027A228A80060A309 /* Build configuration list for PBXNativeTarget "preworkTests" */ = {
			isa = XCConfigurationList;
			buildConfigurations = (
				496F384127A228A80060A309 /* Debug */,
				496F384227A228A80060A309 /* Release */,
			);
			defaultConfigurationIsVisible = 0;
			defaultConfigurationName = Release;
		};
		496F384327A228A80060A309 /* Build configuration list for PBXNativeTarget "preworkUITests" */ = {
			isa = XCConfigurationList;
			buildConfigurations = (
				496F384427A228A80060A309 /* Debug */,
				496F384527A228A80060A309 /* Release */,
			);
			defaultConfigurationIsVisible = 0;
			defaultConfigurationName = Release;
		};
/* End XCConfigurationList section */
	};
	rootObject = 496F380B27A228A60060A309 /* Project object */;
}
